
Microsoft Visual Studio Solution File, Format Version 12.00
# Visual Studio Version 16
VisualStudioVersion = 16.0.30011.22
MinimumVisualStudioVersion = 10.0.40219.1
Project("{2150E333-8FDC-42A3-9474-1A3956D46DE8}") = "OpenGL Specs", "OpenGL Specs", "{74055295-3E82-45FF-8748-6130F534C8B0}"
	ProjectSection(SolutionItems) = preProject
		GLSpecs\egl.xml = GLSpecs\egl.xml
		GLSpecs\gl.xml = GLSpecs\gl.xml
		GLSpecs\glx.xml = GLSpecs\glx.xml
		GLSpecs\wgl.xml = GLSpecs\wgl.xml
	EndProjectSection
EndProject
Project("{9A19103F-16F7-4668-BE54-9A1E7A4F7556}") = "BindingsGen", "BindingsGen\BindingsGen.csproj", "{6CE61C1E-E93A-404A-89B7-1E8EA3BAF663}"
EndProject
Project("{2150E333-8FDC-42A3-9474-1A3956D46DE8}") = "Solution Items", "Solution Items", "{BC9954B5-DF60-43BC-9F04-3FBB2D7DE8E8}"
	ProjectSection(SolutionItems) = preProject
		LICENSE = LICENSE
		README.md = README.md
		RunTests_VC15.bat = RunTests_VC15.bat
	EndProjectSection
EndProject
Project("{2150E333-8FDC-42A3-9474-1A3956D46DE8}") = "Tools", "Tools", "{BAF8E731-4A3E-4AC9-A979-D08234CB09DE}"
EndProject
Project("{2150E333-8FDC-42A3-9474-1A3956D46DE8}") = "Toolkits", "Toolkits", "{81BBBDCD-40F4-43F2-BAA6-AE8280C19105}"
EndProject
Project("{2150E333-8FDC-42A3-9474-1A3956D46DE8}") = "Nuget", "Nuget", "{7F9EC9D0-456B-4452-8EFE-28ED3A16993C}"
	ProjectSection(SolutionItems) = preProject
		OpenGL.Net.CoreProfile.nuspec = OpenGL.Net.CoreProfile.nuspec
		OpenGL.Net.CoreUI.nuspec = OpenGL.Net.CoreUI.nuspec
		OpenGL.Net.Debug.nuspec = OpenGL.Net.Debug.nuspec
		OpenGL.Net.ES2Profile.nuspec = OpenGL.Net.ES2Profile.nuspec
		OpenGL.Net.Math.nuspec = OpenGL.Net.Math.nuspec
		OpenGL.Net.nuspec = OpenGL.Net.nuspec
		OpenGL.Net.SC2Profile.nuspec = OpenGL.Net.SC2Profile.nuspec
	EndProjectSection
EndProject
Project("{D954291E-2A0B-460D-934E-DC6B0785DB48}") = "Khronos.Net", "Khronos.Net\Khronos.Net.shproj", "{C403B635-6B87-4540-8679-7889ED5D3360}"
EndProject
Project("{2150E333-8FDC-42A3-9474-1A3956D46DE8}") = "Math", "Math", "{F042B79B-88F3-49AA-9A6C-69D3DAB3E172}"
EndProject
Project("{2150E333-8FDC-42A3-9474-1A3956D46DE8}") = "CoreUI", "CoreUI", "{10C6CBDE-3527-43EA-9939-0A544DA64B77}"
EndProject
Project("{2150E333-8FDC-42A3-9474-1A3956D46DE8}") = "OpenGL", "OpenGL", "{2B66228F-1FDA-4407-8E0D-450C15C1D6D1}"
EndProject
Project("{9A19103F-16F7-4668-BE54-9A1E7A4F7556}") = "OpenGL.Net.CoreUI", "OpenGL.Net.CoreUI\OpenGL.Net.CoreUI.csproj", "{8C4BFE7F-36BC-487D-90D6-E2C729BEDBED}"
EndProject
Project("{9A19103F-16F7-4668-BE54-9A1E7A4F7556}") = "OpenGL.Net", "OpenGL.Net\OpenGL.Net.csproj", "{AE6FAD52-EA60-4AAD-A159-C6673A7B45B8}"
EndProject
Project("{9A19103F-16F7-4668-BE54-9A1E7A4F7556}") = "OpenGL.Net.Math", "OpenGL.Net\OpenGL.Net.Math.csproj", "{5F682D14-D4A2-40CC-B138-99DA4F6F2789}"
EndProject
Global
	GlobalSection(SharedMSBuildProjectFiles) = preSolution
		Khronos.Net\Khronos.Net.projitems*{ae6fad52-ea60-4aad-a159-c6673a7b45b8}*SharedItemsImports = 5
		Khronos.Net\Khronos.Net.projitems*{c403b635-6b87-4540-8679-7889ed5d3360}*SharedItemsImports = 13
	EndGlobalSection
	GlobalSection(SolutionConfigurationPlatforms) = preSolution
		Debug|Any CPU = Debug|Any CPU
		Debug|x64 = Debug|x64
		Debug|x86 = Debug|x86
		Release|Any CPU = Release|Any CPU
		Release|x64 = Release|x64
		Release|x86 = Release|x86
	EndGlobalSection
	GlobalSection(ProjectConfigurationPlatforms) = postSolution
		{6CE61C1E-E93A-404A-89B7-1E8EA3BAF663}.Debug|Any CPU.ActiveCfg = Debug|Any CPU
		{6CE61C1E-E93A-404A-89B7-1E8EA3BAF663}.Debug|Any CPU.Build.0 = Debug|Any CPU
		{6CE61C1E-E93A-404A-89B7-1E8EA3BAF663}.Debug|x64.ActiveCfg = Debug|Any CPU
		{6CE61C1E-E93A-404A-89B7-1E8EA3BAF663}.Debug|x64.Build.0 = Debug|Any CPU
		{6CE61C1E-E93A-404A-89B7-1E8EA3BAF663}.Debug|x86.ActiveCfg = Debug|Any CPU
		{6CE61C1E-E93A-404A-89B7-1E8EA3BAF663}.Debug|x86.Build.0 = Debug|Any CPU
		{6CE61C1E-E93A-404A-89B7-1E8EA3BAF663}.Release|Any CPU.ActiveCfg = Release|Any CPU
		{6CE61C1E-E93A-404A-89B7-1E8EA3BAF663}.Release|Any CPU.Build.0 = Release|Any CPU
		{6CE61C1E-E93A-404A-89B7-1E8EA3BAF663}.Release|x64.ActiveCfg = Release|Any CPU
		{6CE61C1E-E93A-404A-89B7-1E8EA3BAF663}.Release|x64.Build.0 = Release|Any CPU
		{6CE61C1E-E93A-404A-89B7-1E8EA3BAF663}.Release|x86.ActiveCfg = Release|Any CPU
		{6CE61C1E-E93A-404A-89B7-1E8EA3BAF663}.Release|x86.Build.0 = Release|Any CPU
		{8C4BFE7F-36BC-487D-90D6-E2C729BEDBED}.Debug|Any CPU.ActiveCfg = Debug|Any CPU
		{8C4BFE7F-36BC-487D-90D6-E2C729BEDBED}.Debug|Any CPU.Build.0 = Debug|Any CPU
		{8C4BFE7F-36BC-487D-90D6-E2C729BEDBED}.Debug|x64.ActiveCfg = Debug|x64
		{8C4BFE7F-36BC-487D-90D6-E2C729BEDBED}.Debug|x64.Build.0 = Debug|x64
		{8C4BFE7F-36BC-487D-90D6-E2C729BEDBED}.Debug|x86.ActiveCfg = Debug|x86
		{8C4BFE7F-36BC-487D-90D6-E2C729BEDBED}.Debug|x86.Build.0 = Debug|x86
		{8C4BFE7F-36BC-487D-90D6-E2C729BEDBED}.Release|Any CPU.ActiveCfg = Release|Any CPU
		{8C4BFE7F-36BC-487D-90D6-E2C729BEDBED}.Release|Any CPU.Build.0 = Release|Any CPU
		{8C4BFE7F-36BC-487D-90D6-E2C729BEDBED}.Release|x64.ActiveCfg = Release|x64
		{8C4BFE7F-36BC-487D-90D6-E2C729BEDBED}.Release|x64.Build.0 = Release|x64
		{8C4BFE7F-36BC-487D-90D6-E2C729BEDBED}.Release|x86.ActiveCfg = Release|x86
		{8C4BFE7F-36BC-487D-90D6-E2C729BEDBED}.Release|x86.Build.0 = Release|x86
		{AE6FAD52-EA60-4AAD-A159-C6673A7B45B8}.Debug|Any CPU.ActiveCfg = Debug|Any CPU
		{AE6FAD52-EA60-4AAD-A159-C6673A7B45B8}.Debug|Any CPU.Build.0 = Debug|Any CPU
		{AE6FAD52-EA60-4AAD-A159-C6673A7B45B8}.Debug|x64.ActiveCfg = Debug|Any CPU
		{AE6FAD52-EA60-4AAD-A159-C6673A7B45B8}.Debug|x64.Build.0 = Debug|Any CPU
		{AE6FAD52-EA60-4AAD-A159-C6673A7B45B8}.Debug|x86.ActiveCfg = Debug|x86
		{AE6FAD52-EA60-4AAD-A159-C6673A7B45B8}.Debug|x86.Build.0 = Debug|x86
		{AE6FAD52-EA60-4AAD-A159-C6673A7B45B8}.Release|Any CPU.ActiveCfg = Release|Any CPU
		{AE6FAD52-EA60-4AAD-A159-C6673A7B45B8}.Release|Any CPU.Build.0 = Release|Any CPU
		{AE6FAD52-EA60-4AAD-A159-C6673A7B45B8}.Release|x64.ActiveCfg = Release|Any CPU
		{AE6FAD52-EA60-4AAD-A159-C6673A7B45B8}.Release|x64.Build.0 = Release|Any CPU
		{AE6FAD52-EA60-4AAD-A159-C6673A7B45B8}.Release|x86.ActiveCfg = Release|x86
		{AE6FAD52-EA60-4AAD-A159-C6673A7B45B8}.Release|x86.Build.0 = Release|x86
		{5F682D14-D4A2-40CC-B138-99DA4F6F2789}.Debug|Any CPU.ActiveCfg = Debug|Any CPU
		{5F682D14-D4A2-40CC-B138-99DA4F6F2789}.Debug|Any CPU.Build.0 = Debug|Any CPU
		{5F682D14-D4A2-40CC-B138-99DA4F6F2789}.Debug|x64.ActiveCfg = Debug|Any CPU
		{5F682D14-D4A2-40CC-B138-99DA4F6F2789}.Debug|x64.Build.0 = Debug|Any CPU
		{5F682D14-D4A2-40CC-B138-99DA4F6F2789}.Debug|x86.ActiveCfg = Debug|x86
		{5F682D14-D4A2-40CC-B138-99DA4F6F2789}.Debug|x86.Build.0 = Debug|x86
		{5F682D14-D4A2-40CC-B138-99DA4F6F2789}.Release|Any CPU.ActiveCfg = Release|Any CPU
		{5F682D14-D4A2-40CC-B138-99DA4F6F2789}.Release|Any CPU.Build.0 = Release|Any CPU
		{5F682D14-D4A2-40CC-B138-99DA4F6F2789}.Release|x64.ActiveCfg = Release|Any CPU
		{5F682D14-D4A2-40CC-B138-99DA4F6F2789}.Release|x64.Build.0 = Release|Any CPU
		{5F682D14-D4A2-40CC-B138-99DA4F6F2789}.Release|x86.ActiveCfg = Release|x86
		{5F682D14-D4A2-40CC-B138-99DA4F6F2789}.Release|x86.Build.0 = Release|x86
	EndGlobalSection
	GlobalSection(SolutionProperties) = preSolution
		HideSolutionNode = FALSE
	EndGlobalSection
	GlobalSection(NestedProjects) = preSolution
		{6CE61C1E-E93A-404A-89B7-1E8EA3BAF663} = {BAF8E731-4A3E-4AC9-A979-D08234CB09DE}
		{10C6CBDE-3527-43EA-9939-0A544DA64B77} = {81BBBDCD-40F4-43F2-BAA6-AE8280C19105}
		{8C4BFE7F-36BC-487D-90D6-E2C729BEDBED} = {10C6CBDE-3527-43EA-9939-0A544DA64B77}
		{AE6FAD52-EA60-4AAD-A159-C6673A7B45B8} = {2B66228F-1FDA-4407-8E0D-450C15C1D6D1}
		{5F682D14-D4A2-40CC-B138-99DA4F6F2789} = {F042B79B-88F3-49AA-9A6C-69D3DAB3E172}
	EndGlobalSection
	GlobalSection(ExtensibilityGlobals) = postSolution
		SolutionGuid = {7A1302DF-7820-469A-9EB2-83CF7691A088}
	EndGlobalSection
EndGlobal
